
Microsoft Visual Studio Solution File, Format Version 12.00
Project("{FAE04EC0-301F-11D3-BF4B-00C04F79EFBC}") = "Models", "Models\Models.csproj", "{20CC5437-5377-441E-8187-E2180C9347DD}"
EndProject
Global
	GlobalSection(SolutionConfigurationPlatforms) = preSolution
		Debug|Any CPU = Debug|Any CPU
		Release|Any CPU = Release|Any CPU
	EndGlobalSection
	GlobalSection(ProjectConfigurationPlatforms) = postSolution
		{20CC5437-5377-441E-8187-E2180C9347DD}.Debug|Any CPU.ActiveCfg = Debug|Any CPU
		{20CC5437-5377-441E-8187-E2180C9347DD}.Debug|Any CPU.Build.0 = Debug|Any CPU
		{20CC5437-5377-441E-8187-E2180C9347DD}.Release|Any CPU.ActiveCfg = Release|Any CPU
		{20CC5437-5377-441E-8187-E2180C9347DD}.Release|Any CPU.Build.0 = Release|Any CPU
	EndGlobalSection
EndGlobal
