
Microsoft Visual Studio Solution File, Format Version 12.00
Project("{FAE04EC0-301F-11D3-BF4B-00C04F79EFBC}") = "Edabit", "Edabit\Edabit.csproj", "{B99669C5-586A-4823-930B-AB5611DC6BCD}"
EndProject
Project("{FAE04EC0-301F-11D3-BF4B-00C04F79EFBC}") = "Edabit.Tests", "Edabit.Tests\Edabit.Tests.csproj", "{A4B3A6C7-A010-4AC4-880D-9F76F2E2B64A}"
EndProject
Project("{FAE04EC0-301F-11D3-BF4B-00C04F79EFBC}") = "ConsoleApp1", "ConsoleApp1\ConsoleApp1.csproj", "{654FE3B6-88B5-406F-9F4F-60071874D612}"
EndProject
Global
	GlobalSection(SolutionConfigurationPlatforms) = preSolution
		Debug|Any CPU = Debug|Any CPU
		Release|Any CPU = Release|Any CPU
	EndGlobalSection
	GlobalSection(ProjectConfigurationPlatforms) = postSolution
		{B99669C5-586A-4823-930B-AB5611DC6BCD}.Debug|Any CPU.ActiveCfg = Debug|Any CPU
		{B99669C5-586A-4823-930B-AB5611DC6BCD}.Debug|Any CPU.Build.0 = Debug|Any CPU
		{B99669C5-586A-4823-930B-AB5611DC6BCD}.Release|Any CPU.ActiveCfg = Release|Any CPU
		{B99669C5-586A-4823-930B-AB5611DC6BCD}.Release|Any CPU.Build.0 = Release|Any CPU
		{A4B3A6C7-A010-4AC4-880D-9F76F2E2B64A}.Debug|Any CPU.ActiveCfg = Debug|Any CPU
		{A4B3A6C7-A010-4AC4-880D-9F76F2E2B64A}.Debug|Any CPU.Build.0 = Debug|Any CPU
		{A4B3A6C7-A010-4AC4-880D-9F76F2E2B64A}.Release|Any CPU.ActiveCfg = Release|Any CPU
		{A4B3A6C7-A010-4AC4-880D-9F76F2E2B64A}.Release|Any CPU.Build.0 = Release|Any CPU
		{654FE3B6-88B5-406F-9F4F-60071874D612}.Debug|Any CPU.ActiveCfg = Debug|Any CPU
		{654FE3B6-88B5-406F-9F4F-60071874D612}.Debug|Any CPU.Build.0 = Debug|Any CPU
		{654FE3B6-88B5-406F-9F4F-60071874D612}.Release|Any CPU.ActiveCfg = Release|Any CPU
		{654FE3B6-88B5-406F-9F4F-60071874D612}.Release|Any CPU.Build.0 = Release|Any CPU
	EndGlobalSection
EndGlobal
