
Microsoft Visual Studio Solution File, Format Version 12.00
Project("{FAE04EC0-301F-11D3-BF4B-00C04F79EFBC}") = "Service1", "Service1\Service1.csproj", "{74ED0D01-CBA9-4705-B068-774C3E11396E}"
EndProject
Global
	GlobalSection(SolutionConfigurationPlatforms) = preSolution
		Debug|Any CPU = Debug|Any CPU
		Release|Any CPU = Release|Any CPU
	EndGlobalSection
	GlobalSection(ProjectConfigurationPlatforms) = postSolution
		{74ED0D01-CBA9-4705-B068-774C3E11396E}.Debug|Any CPU.ActiveCfg = Debug|Any CPU
		{74ED0D01-CBA9-4705-B068-774C3E11396E}.Debug|Any CPU.Build.0 = Debug|Any CPU
		{74ED0D01-CBA9-4705-B068-774C3E11396E}.Release|Any CPU.ActiveCfg = Release|Any CPU
		{74ED0D01-CBA9-4705-B068-774C3E11396E}.Release|Any CPU.Build.0 = Release|Any CPU
	EndGlobalSection
EndGlobal
